
Microsoft Visual Studio Solution File, Format Version 12.00
# Visual Studio Version 16
VisualStudioVersion = 16.0.30413.136
MinimumVisualStudioVersion = 10.0.40219.1
Project("{FAE04EC0-301F-11D3-BF4B-00C04F79EFBC}") = "FoundSounds", "FoundSounds.csproj", "{52DE1358-3EDA-4549-8A44-514518E76025}"
EndProject
Global
	GlobalSection(SolutionConfigurationPlatforms) = preSolution
		Debug|Any CPU = Debug|Any CPU
		Release|Any CPU = Release|Any CPU
	EndGlobalSection
	GlobalSection(ProjectConfigurationPlatforms) = postSolution
		{52DE1358-3EDA-4549-8A44-514518E76025}.Debug|Any CPU.ActiveCfg = Debug|Any CPU
		{52DE1358-3EDA-4549-8A44-514518E76025}.Debug|Any CPU.Build.0 = Debug|Any CPU
		{52DE1358-3EDA-4549-8A44-514518E76025}.Release|Any CPU.ActiveCfg = Release|Any CPU
		{52DE1358-3EDA-4549-8A44-514518E76025}.Release|Any CPU.Build.0 = Release|Any CPU
	EndGlobalSection
	GlobalSection(SolutionProperties) = preSolution
		HideSolutionNode = FALSE
	EndGlobalSection
	GlobalSection(ExtensibilityGlobals) = postSolution
		SolutionGuid = {EA45008C-C453-4DD3-A247-B32AFA227DC4}
	EndGlobalSection
EndGlobal
